
Microsoft Visual Studio Solution File, Format Version 12.00
# Visual Studio 15
VisualStudioVersion = 15.0.28010.2050
MinimumVisualStudioVersion = 10.0.40219.1
Project("{9A19103F-16F7-4668-BE54-9A1E7A4F7556}") = "WebApplication1", "WebApplication1\WebApplication1.csproj", "{7C0605F9-F9B6-4328-9901-5331439282BC}"
EndProject
Project("{FAE04EC0-301F-11D3-BF4B-00C04F79EFBC}") = "BeerProduction.OPC", "..\mlebjerg\BeerProduction\BeerProduction.OPC\BeerProduction.OPC.csproj", "{B74A3580-C65C-4354-8C33-3A25694DDC1F}"
EndProject
Global
	GlobalSection(SolutionConfigurationPlatforms) = preSolution
		Debug|Any CPU = Debug|Any CPU
		Release|Any CPU = Release|Any CPU
	EndGlobalSection
	GlobalSection(ProjectConfigurationPlatforms) = postSolution
		{7C0605F9-F9B6-4328-9901-5331439282BC}.Debug|Any CPU.ActiveCfg = Debug|Any CPU
		{7C0605F9-F9B6-4328-9901-5331439282BC}.Debug|Any CPU.Build.0 = Debug|Any CPU
		{7C0605F9-F9B6-4328-9901-5331439282BC}.Release|Any CPU.ActiveCfg = Release|Any CPU
		{7C0605F9-F9B6-4328-9901-5331439282BC}.Release|Any CPU.Build.0 = Release|Any CPU
		{B74A3580-C65C-4354-8C33-3A25694DDC1F}.Debug|Any CPU.ActiveCfg = Debug|Any CPU
		{B74A3580-C65C-4354-8C33-3A25694DDC1F}.Debug|Any CPU.Build.0 = Debug|Any CPU
		{B74A3580-C65C-4354-8C33-3A25694DDC1F}.Release|Any CPU.ActiveCfg = Release|Any CPU
		{B74A3580-C65C-4354-8C33-3A25694DDC1F}.Release|Any CPU.Build.0 = Release|Any CPU
	EndGlobalSection
	GlobalSection(SolutionProperties) = preSolution
		HideSolutionNode = FALSE
	EndGlobalSection
	GlobalSection(ExtensibilityGlobals) = postSolution
		SolutionGuid = {851F0027-5107-429E-A4E3-F80B81037A46}
	EndGlobalSection
EndGlobal
